{
  "name": "E-commerce",
  "lockfileVersion": 3,
  "requires": true,
  "packages": {
    "": {
      "dependencies": {
        "braintree": "^3.26.0",
        "braintree-web-drop-in": "^1.43.0"
      }
    },
    "node_modules/@braintree/asset-loader": {
      "version": "2.0.1",
      "resolved": "https://registry.npmjs.org/@braintree/asset-loader/-/asset-loader-2.0.1.tgz",
      "integrity": "sha512-OGAoBA5MRVsr5qg0sXM6NMJbqHnYZhBudtM6WGgpQnoX42fjUYbE6Y6qFuuerD5z3lsOAjnu80DooBs1VBuh5Q==",
      "license": "MIT"
    },
    "node_modules/@braintree/browser-detection": {
      "version": "2.0.1",
      "resolved": "https://registry.npmjs.org/@braintree/browser-detection/-/browser-detection-2.0.1.tgz",
      "integrity": "sha512-wpRI7AXEUh6o3ILrJbpNOYE7ItfjX/S8JZP7Z5FF66ULngBGYOqE8SeLlLKXG69Nc07HtlL/6nk/h539iz9hcQ==",
      "license": "MIT"
    },
    "node_modules/@braintree/event-emitter": {
      "version": "0.4.1",
      "resolved": "https://registry.npmjs.org/@braintree/event-emitter/-/event-emitter-0.4.1.tgz",
      "integrity": "sha512-X41357O3OXUDlnwMvS1m0GQEn3zB3s3flOBeg2J5OBvLvdJEIAVpPkblABPtsPrlciDSvfv1aSG5ixHPgFH0Zg==",
      "license": "MIT"
    },
    "node_modules/@braintree/extended-promise": {
      "version": "1.0.0",
      "resolved": "https://registry.npmjs.org/@braintree/extended-promise/-/extended-promise-1.0.0.tgz",
      "integrity": "sha512-E9529FJNG4OgeeLJ00vNs3TW67+AeSQobJg0hwfsQk29hgK4bVBsvQHVD4nwDuDD1Czon90K88gfQIFadAMs0w==",
      "license": "MIT"
    },
    "node_modules/@braintree/iframer": {
      "version": "2.0.0",
      "resolved": "https://registry.npmjs.org/@braintree/iframer/-/iframer-2.0.0.tgz",
      "integrity": "sha512-x1kHOyIJNDvi4P1s6pVBZhqhBa1hqDG9+yzcsCR1oNVC0LxH9CAP8bKxioT8/auY1sUyy+D8T4Vp/jv7QqSqLQ==",
      "license": "MIT"
    },
    "node_modules/@braintree/sanitize-url": {
      "version": "7.0.4",
      "resolved": "https://registry.npmjs.org/@braintree/sanitize-url/-/sanitize-url-7.0.4.tgz",
      "integrity": "sha512-hPYRrKFoI+nuckPgDJfyYAkybFvheo4usS0Vw0HNAe+fmGBQA5Az37b/yStO284atBoqqdOUhKJ3d9Zw3PQkcQ==",
      "license": "MIT"
    },
    "node_modules/@braintree/uuid": {
      "version": "1.0.0",
      "resolved": "https://registry.npmjs.org/@braintree/uuid/-/uuid-1.0.0.tgz",
      "integrity": "sha512-AtI5hfttWSuWAgcwLUZdcZ7Fp/8jCCUf9JTs7+Xow9ditU28zuoBovqq083yph2m3SxPYb84lGjOq+cXlXBvJg==",
      "license": "ISC"
    },
    "node_modules/@braintree/wrap-promise": {
      "version": "2.1.0",
      "resolved": "https://registry.npmjs.org/@braintree/wrap-promise/-/wrap-promise-2.1.0.tgz",
      "integrity": "sha512-UIrJB+AfKU0CCfbMoWrsGpd2D/hBpY/SGgFI6WRHPOwhaZ3g9rz1weiJ6eb6L9KgVyunT7s2tckcPkbHw+NzeA==",
      "license": "MIT"
    },
    "node_modules/braintree": {
      "version": "3.26.0",
      "resolved": "https://registry.npmjs.org/braintree/-/braintree-3.26.0.tgz",
      "integrity": "sha512-dNNIp9utMa+EC7gxifUeabTFwGvsDJ/rNNCQYCnbu0PD1LrTUcYr7rI4upwNEtruAc0aVWuA5SITlVM4G9TiJw==",
      "license": "MIT",
      "dependencies": {
        "@braintree/wrap-promise": "2.1.0",
        "dateformat": "4.5.1",
        "xml2js": "0.5.0"
      },
      "engines": {
        "node": ">=10.0",
        "npm": ">=6"
      }
    },
    "node_modules/braintree-web": {
      "version": "3.103.0",
      "resolved": "https://registry.npmjs.org/braintree-web/-/braintree-web-3.103.0.tgz",
      "integrity": "sha512-gwmC5LSUP5VUC2HmUyaFnEyLjRRAo1iKKHS5eD9KIAZHB7cAQ2il1V1q2f5zdz7+7EE11eSHXznj6n/Qm6jp6w==",
      "license": "MIT",
      "dependencies": {
        "@braintree/asset-loader": "2.0.1",
        "@braintree/browser-detection": "2.0.1",
        "@braintree/event-emitter": "0.4.1",
        "@braintree/extended-promise": "1.0.0",
        "@braintree/iframer": "2.0.0",
        "@braintree/sanitize-url": "7.0.4",
        "@braintree/uuid": "1.0.0",
        "@braintree/wrap-promise": "2.1.0",
        "card-validator": "10.0.0",
        "credit-card-type": "10.0.1",
        "framebus": "6.0.0",
        "inject-stylesheet": "6.0.1",
        "promise-polyfill": "8.2.3",
        "restricted-input": "3.0.5"
      }
    },
    "node_modules/braintree-web-drop-in": {
      "version": "1.43.0",
      "resolved": "https://registry.npmjs.org/braintree-web-drop-in/-/braintree-web-drop-in-1.43.0.tgz",
      "integrity": "sha512-lkUpQfYXR0CGtR7mPRR17AnZoYkHjhycxVnMGIPcWT6JPagEZcG/7tYyy34iWjYZeGa2wsquLBDV2Xeita962Q==",
      "license": "MIT",
      "dependencies": {
        "@braintree/asset-loader": "2.0.1",
        "@braintree/browser-detection": "2.0.1",
        "@braintree/event-emitter": "0.4.1",
        "@braintree/uuid": "1.0.0",
        "@braintree/wrap-promise": "2.1.0",
        "braintree-web": "3.103.0"
      }
    },
    "node_modules/card-validator": {
      "version": "10.0.0",
      "resolved": "https://registry.npmjs.org/card-validator/-/card-validator-10.0.0.tgz",
      "integrity": "sha512-2fLyCBOxO7/b56sxoYav8FeJqv9bWpZSyKq8sXKxnpxTGXHnM/0c8WEKG+ZJ+OXFcabnl98pD0EKBtTn+Tql0g==",
      "license": "MIT",
      "dependencies": {
        "credit-card-type": "^9.1.0"
      }
    },
    "node_modules/card-validator/node_modules/credit-card-type": {
      "version": "9.1.0",
      "resolved": "https://registry.npmjs.org/credit-card-type/-/credit-card-type-9.1.0.tgz",
      "integrity": "sha512-CpNFuLxiPFxuZqhSKml3M+t0K/484pMAnfYWH14JoD7OZMnmC0Lmo+P7JX9SobqFpRoo7ifA18kOHdxJywYPEA==",
      "license": "MIT"
    },
    "node_modules/credit-card-type": {
      "version": "10.0.1",
      "resolved": "https://registry.npmjs.org/credit-card-type/-/credit-card-type-10.0.1.tgz",
      "integrity": "sha512-vQOuWmBgsgG1ovGeDi8m6Zeu1JaqH/JncrxKmaqMbv/LunyOQdLiQhPHtOsNlbUI05TocR5nod/Mbs3HYtr6sQ==",
      "license": "MIT"
    },
    "node_modules/dateformat": {
      "version": "4.5.1",
      "resolved": "https://registry.npmjs.org/dateformat/-/dateformat-4.5.1.tgz",
      "integrity": "sha512-OD0TZ+B7yP7ZgpJf5K2DIbj3FZvFvxgFUuaqA/V5zTjAtAAXZ1E8bktHxmAGs4x5b7PflqA9LeQ84Og7wYtF7Q==",
      "license": "MIT",
      "engines": {
        "node": "*"
      }
    },
    "node_modules/framebus": {
      "version": "6.0.0",
      "resolved": "https://registry.npmjs.org/framebus/-/framebus-6.0.0.tgz",
      "integrity": "sha512-bL9V68hVaVBCY9rveoWbPFFI9hAXIJtESs51B+9XmzvMt38+wP8b4VdiJsavjMS6NfPZ/afQ/jc2qaHmSGI1kQ==",
      "license": "MIT",
      "dependencies": {
        "@braintree/uuid": "^0.1.0"
      }
    },
    "node_modules/framebus/node_modules/@braintree/uuid": {
      "version": "0.1.0",
      "resolved": "https://registry.npmjs.org/@braintree/uuid/-/uuid-0.1.0.tgz",
      "integrity": "sha512-YvZJdlNcK5EnR+7M8AjgEAf4Qx696+FOSYlPfy5ePn80vODtVAUU0FxHnzKZC0og1VbDNQDDiwhthR65D4Na0g==",
      "license": "ISC"
    },
    "node_modules/inject-stylesheet": {
      "version": "6.0.1",
      "resolved": "https://registry.npmjs.org/inject-stylesheet/-/inject-stylesheet-6.0.1.tgz",
      "integrity": "sha512-2fvune1D4+8mvJoLVo95ncY4HrDkIaYIReRzXv8tkWFgdG9iuc5QuX57gtSDPWTWQI/f5BGwwtH85wxHouzucg==",
      "license": "MIT"
    },
    "node_modules/promise-polyfill": {
      "version": "8.2.3",
      "resolved": "https://registry.npmjs.org/promise-polyfill/-/promise-polyfill-8.2.3.tgz",
      "integrity": "sha512-Og0+jCRQetV84U8wVjMNccfGCnMQ9mGs9Hv78QFe+pSDD3gWTpz0y+1QCuxy5d/vBFuZ3iwP2eycAkvqIMPmWg==",
      "license": "MIT"
    },
    "node_modules/restricted-input": {
      "version": "3.0.5",
      "resolved": "https://registry.npmjs.org/restricted-input/-/restricted-input-3.0.5.tgz",
      "integrity": "sha512-lUuXZ3wUnHURRarj5/0C8vomWIfWJO+p7T6RYwB46v7Oyuyr3yyupU+i7SjqUv4S6RAeAAZt1C/QCLJ9xhQBow==",
      "license": "MIT",
      "dependencies": {
        "@braintree/browser-detection": "^1.12.1"
      }
    },
    "node_modules/restricted-input/node_modules/@braintree/browser-detection": {
      "version": "1.17.2",
      "resolved": "https://registry.npmjs.org/@braintree/browser-detection/-/browser-detection-1.17.2.tgz",
      "integrity": "sha512-DdEX09uYs6kHwGt4cbONlxlta/0hfmrDUncP6EtfZxFVywNF9LeRUyon+2LihJTbqgSnGqz9ZL450hkqBd6oSw==",
      "license": "MIT"
    },
    "node_modules/sax": {
      "version": "1.4.1",
      "resolved": "https://registry.npmjs.org/sax/-/sax-1.4.1.tgz",
      "integrity": "sha512-+aWOz7yVScEGoKNd4PA10LZ8sk0A/z5+nXQG5giUO5rprX9jgYsTdov9qCchZiPIZezbZH+jRut8nPodFAX4Jg==",
      "license": "ISC"
    },
    "node_modules/xml2js": {
      "version": "0.5.0",
      "resolved": "https://registry.npmjs.org/xml2js/-/xml2js-0.5.0.tgz",
      "integrity": "sha512-drPFnkQJik/O+uPKpqSgr22mpuFHqKdbS835iAQrUC73L2F5WkboIRd63ai/2Yg6I1jzifPFKH2NTK+cfglkIA==",
      "license": "MIT",
      "dependencies": {
        "sax": ">=0.6.0",
        "xmlbuilder": "~11.0.0"
      },
      "engines": {
        "node": ">=4.0.0"
      }
    },
    "node_modules/xmlbuilder": {
      "version": "11.0.1",
      "resolved": "https://registry.npmjs.org/xmlbuilder/-/xmlbuilder-11.0.1.tgz",
      "integrity": "sha512-fDlsI/kFEx7gLvbecc0/ohLG50fugQp8ryHzMTuW9vSa1GJ0XYWKnhsUx7oie3G98+r56aTQIUB4kht42R3JvA==",
      "license": "MIT",
      "engines": {
        "node": ">=4.0"
      }
    }
  }
}
